
Microsoft Visual Studio Solution File, Format Version 12.00
# Visual Studio Version 17
VisualStudioVersion = 17.10.35013.160
MinimumVisualStudioVersion = 10.0.40219.1
Project("{9A19103F-16F7-4668-BE54-9A1E7A4F7556}") = "problem_120803", "problem_120803\problem_120803.csproj", "{8FDDCBEB-13D5-43C8-A02C-DBA1C4852E68}"
EndProject
Project("{9A19103F-16F7-4668-BE54-9A1E7A4F7556}") = "problem_120804", "problem_120804\problem_120804.csproj", "{4401A62F-67EE-4366-902B-F143E1DF3E96}"
EndProject
Project("{9A19103F-16F7-4668-BE54-9A1E7A4F7556}") = "problem_120805", "problem_120805\problem_120805.csproj", "{9568DADD-9C81-4D1C-B3E8-DDB6990A4EC6}"
EndProject
Project("{9A19103F-16F7-4668-BE54-9A1E7A4F7556}") = "problem_120806", "problem_120806\problem_120806.csproj", "{CAD8BFF0-6F18-4F76-BDD3-39E7E527B0C9}"
EndProject
Project("{9A19103F-16F7-4668-BE54-9A1E7A4F7556}") = "problem_120807", "program_120807\problem_120807.csproj", "{3F8A2B1E-FBF9-4BED-B10B-8A58DC4AE159}"
EndProject
Project("{9A19103F-16F7-4668-BE54-9A1E7A4F7556}") = "problem_120808", "problem_120808\problem_120808.csproj", "{14193808-6C0F-4F83-B0B8-27FB33082ADC}"
EndProject
Project("{9A19103F-16F7-4668-BE54-9A1E7A4F7556}") = "problem_120809", "problem_120809\problem_120809.csproj", "{DE580196-F7F2-4B64-A2D0-5E095466C5D6}"
EndProject
Project("{9A19103F-16F7-4668-BE54-9A1E7A4F7556}") = "program_120810", "program_120810\program_120810.csproj", "{003B4A66-EA0C-4D7C-9B7E-4E488BD85617}"
EndProject
Project("{9A19103F-16F7-4668-BE54-9A1E7A4F7556}") = "problem_120811", "problem_120811\problem_120811.csproj", "{541CBABB-18CA-4B1D-9CAB-0673F7F22915}"
EndProject
Project("{9A19103F-16F7-4668-BE54-9A1E7A4F7556}") = "problem_120812", "problem_120812\problem_120812.csproj", "{06AD0CB9-9C5E-4012-A4A1-FD2B6A3744A7}"
EndProject
Project("{9A19103F-16F7-4668-BE54-9A1E7A4F7556}") = "problem_120813", "problem_120813\problem_120813.csproj", "{35C62B1E-E3AD-4898-9831-A95382503595}"
EndProject
Project("{9A19103F-16F7-4668-BE54-9A1E7A4F7556}") = "problem_120814", "problem_120814\problem_120814.csproj", "{9DAA50A2-DFF8-4145-8833-78A28881B7A6}"
EndProject
Project("{9A19103F-16F7-4668-BE54-9A1E7A4F7556}") = "problem_120819", "problem_120819\problem_120819.csproj", "{0949E860-0F3A-4AA4-BC7D-3BC379536189}"
EndProject
Project("{9A19103F-16F7-4668-BE54-9A1E7A4F7556}") = "problem_120913", "problem_120913\problem_120913.csproj", "{00006FFF-6ADE-4B1E-A10B-B7FDEBFE40A8}"
EndProject
Project("{9A19103F-16F7-4668-BE54-9A1E7A4F7556}") = "problem_181930", "problem_181930\problem_181930.csproj", "{FF339A4C-E417-4C26-9722-A9DC65FB50C2}"
EndProject
Project("{2150E333-8FDC-42A3-9474-1A3956D46DE8}") = "프로그래머스 문제", "프로그래머스 문제", "{3156E808-21B8-4E52-AAE4-398105BA5FE9}"
EndProject
Project("{9A19103F-16F7-4668-BE54-9A1E7A4F7556}") = "problem_181947", "problem_181947\problem_181947.csproj", "{C1C94CC3-C15A-498F-954B-95E342BB25ED}"
EndProject
Project("{9A19103F-16F7-4668-BE54-9A1E7A4F7556}") = "problem_120815", "problem_120815\problem_120815.csproj", "{B507A7C7-1476-4B2A-85A2-6EDF16FF54C9}"
EndProject
Project("{9A19103F-16F7-4668-BE54-9A1E7A4F7556}") = "problem_120816", "problem_120816\problem_120816.csproj", "{24DFDF79-B3F1-4ED1-B658-7D676B8CE0B4}"
EndProject
Project("{9A19103F-16F7-4668-BE54-9A1E7A4F7556}") = "problem_120817", "problem_120817\problem_120817.csproj", "{CA80DCC5-D18B-487D-A20C-BF2FABB8430B}"
EndProject
Project("{9A19103F-16F7-4668-BE54-9A1E7A4F7556}") = "problem_120818", "problem_120818\problem_120818.csproj", "{A35648B5-84D4-4E52-85A7-F3DD4909882E}"
EndProject
Project("{9A19103F-16F7-4668-BE54-9A1E7A4F7556}") = "problem_120820", "problem_120820\problem_120820.csproj", "{AB4B18D2-F621-4ACD-A89F-09B4100B3ED0}"
EndProject
Project("{9A19103F-16F7-4668-BE54-9A1E7A4F7556}") = "problem_120821", "problem_120821\problem_120821.csproj", "{E84B276B-E36B-42CF-8E46-3268A9175DF4}"
EndProject
Project("{9A19103F-16F7-4668-BE54-9A1E7A4F7556}") = "problem_120822", "problem_120822\problem_120822.csproj", "{4F5F4748-3047-4B51-B361-DCD3D94314E3}"
EndProject
Project("{9A19103F-16F7-4668-BE54-9A1E7A4F7556}") = "problem_120823", "problem_120823\problem_120823.csproj", "{CB26DA83-92B1-4B83-AE47-6BCAAE558FAF}"
EndProject
Project("{9A19103F-16F7-4668-BE54-9A1E7A4F7556}") = "problem_120824", "problem_120824\problem_120824.csproj", "{9E829FE1-026E-4817-935A-F8C17C8CC167}"
EndProject
Project("{9A19103F-16F7-4668-BE54-9A1E7A4F7556}") = "problem_120825", "problem_120825\problem_120825.csproj", "{60DA48F9-7796-41FD-A65B-C0A28949A405}"
EndProject
Project("{9A19103F-16F7-4668-BE54-9A1E7A4F7556}") = "problem_120826", "problem_120826\problem_120826.csproj", "{87564F52-A6B7-4F4A-B6A9-2A59B2D54F33}"
EndProject
Project("{9A19103F-16F7-4668-BE54-9A1E7A4F7556}") = "problem_120829", "problem_120829\problem_120829.csproj", "{0F4B407B-68AA-4D1B-84D5-E80CAB53435C}"
EndProject
Project("{9A19103F-16F7-4668-BE54-9A1E7A4F7556}") = "problem_120830", "problem_120830\problem_120830.csproj", "{ACB90628-F242-4365-A1D8-08C287634629}"
EndProject
Project("{9A19103F-16F7-4668-BE54-9A1E7A4F7556}") = "problem_120831", "problem_120831\problem_120831.csproj", "{F94F7B75-7537-4D21-AF0A-434CE33F70C8}"
EndProject
Project("{9A19103F-16F7-4668-BE54-9A1E7A4F7556}") = "problem_120833", "problem_120833\problem_120833.csproj", "{33E4C658-F911-482F-BA5E-39A344719292}"
EndProject
Project("{9A19103F-16F7-4668-BE54-9A1E7A4F7556}") = "problem_120834", "problem_120834\problem_120834.csproj", "{CBCA0B1F-4298-4DDF-A282-6F81DF09B406}"
EndProject
Project("{9A19103F-16F7-4668-BE54-9A1E7A4F7556}") = "problem_120835", "problem_120835\problem_120835.csproj", "{987E8B34-DB2A-4D86-853A-8FCDD0A86168}"
EndProject
Project("{9A19103F-16F7-4668-BE54-9A1E7A4F7556}") = "problem_120836", "problem_120836\problem_120836.csproj", "{ECE97DA2-0FD2-4119-A353-AAE6E11168D3}"
EndProject
Project("{9A19103F-16F7-4668-BE54-9A1E7A4F7556}") = "problem_120837", "problem_120837\problem_120837.csproj", "{4B6596E9-6107-4568-B7F3-77BF57078400}"
EndProject
Project("{9A19103F-16F7-4668-BE54-9A1E7A4F7556}") = "problem_120838", "problem_120838\problem_120838.csproj", "{3E67E104-5B1F-4AB6-BD62-972B7FD07145}"
EndProject
Project("{9A19103F-16F7-4668-BE54-9A1E7A4F7556}") = "problem_120839", "problem_120839\problem_120839.csproj", "{B72A9C4C-968B-401B-BF1C-D701A3906BA6}"
EndProject
Project("{9A19103F-16F7-4668-BE54-9A1E7A4F7556}") = "problem_120840", "problem_120840\problem_120840.csproj", "{A30912B5-FCFB-4BAE-8B52-C811902EBE03}"
EndProject
Project("{9A19103F-16F7-4668-BE54-9A1E7A4F7556}") = "problem_120841", "problem_120841\problem_120841.csproj", "{154E18CD-92BB-4BCB-A356-C2727CEBE636}"
EndProject
Project("{9A19103F-16F7-4668-BE54-9A1E7A4F7556}") = "problem_120842", "problem_120842\problem_120842.csproj", "{23DCB636-23AB-48A3-A952-C1706DFA8B19}"
EndProject
Project("{9A19103F-16F7-4668-BE54-9A1E7A4F7556}") = "problem_120843", "problem_120843\problem_120843.csproj", "{BFC9C38A-F2F2-4850-A717-B21291768EE3}"
EndProject
Project("{9A19103F-16F7-4668-BE54-9A1E7A4F7556}") = "problem_120844", "problem_120844\problem_120844.csproj", "{6DDD0713-B312-455A-A0F0-F6747816F9D2}"
EndProject
Project("{9A19103F-16F7-4668-BE54-9A1E7A4F7556}") = "problem_120845", "problem_120845\problem_120845.csproj", "{D07278B3-008C-4B99-80DE-BE5D9C092B50}"
EndProject
Project("{9A19103F-16F7-4668-BE54-9A1E7A4F7556}") = "problem_120846", "problem_120846\problem_120846.csproj", "{DDBC7A36-B6DE-4799-965C-70282C8C101E}"
EndProject
Project("{9A19103F-16F7-4668-BE54-9A1E7A4F7556}") = "problem_120847", "problem_120847\problem_120847.csproj", "{5BDA5630-EF05-4830-81BC-B987ECA3576C}"
EndProject
Project("{9A19103F-16F7-4668-BE54-9A1E7A4F7556}") = "problem_120848", "problem_120848\problem_120848.csproj", "{16945118-89C8-4E59-A52C-CA2093221AC8}"
EndProject
Project("{9A19103F-16F7-4668-BE54-9A1E7A4F7556}") = "problem_120849", "problem_120849\problem_120849.csproj", "{C20AC89C-D11A-493A-BB02-C22810DA1338}"
EndProject
Project("{9A19103F-16F7-4668-BE54-9A1E7A4F7556}") = "problem_120850", "problem_120850\problem_120850.csproj", "{EB0DF61B-A5D9-4105-B797-2F903B0C1881}"
EndProject
Project("{FAE04EC0-301F-11D3-BF4B-00C04F79EFBC}") = "problem_120851", "problem_120851\problem_120851.csproj", "{195116A8-B3B9-41C3-889E-6330B273A9CD}"
EndProject
Global
	GlobalSection(SolutionConfigurationPlatforms) = preSolution
		Debug|Any CPU = Debug|Any CPU
		Release|Any CPU = Release|Any CPU
	EndGlobalSection
	GlobalSection(ProjectConfigurationPlatforms) = postSolution
		{8FDDCBEB-13D5-43C8-A02C-DBA1C4852E68}.Debug|Any CPU.ActiveCfg = Debug|Any CPU
		{8FDDCBEB-13D5-43C8-A02C-DBA1C4852E68}.Debug|Any CPU.Build.0 = Debug|Any CPU
		{8FDDCBEB-13D5-43C8-A02C-DBA1C4852E68}.Release|Any CPU.ActiveCfg = Release|Any CPU
		{8FDDCBEB-13D5-43C8-A02C-DBA1C4852E68}.Release|Any CPU.Build.0 = Release|Any CPU
		{4401A62F-67EE-4366-902B-F143E1DF3E96}.Debug|Any CPU.ActiveCfg = Debug|Any CPU
		{4401A62F-67EE-4366-902B-F143E1DF3E96}.Debug|Any CPU.Build.0 = Debug|Any CPU
		{4401A62F-67EE-4366-902B-F143E1DF3E96}.Release|Any CPU.ActiveCfg = Release|Any CPU
		{4401A62F-67EE-4366-902B-F143E1DF3E96}.Release|Any CPU.Build.0 = Release|Any CPU
		{9568DADD-9C81-4D1C-B3E8-DDB6990A4EC6}.Debug|Any CPU.ActiveCfg = Debug|Any CPU
		{9568DADD-9C81-4D1C-B3E8-DDB6990A4EC6}.Debug|Any CPU.Build.0 = Debug|Any CPU
		{9568DADD-9C81-4D1C-B3E8-DDB6990A4EC6}.Release|Any CPU.ActiveCfg = Release|Any CPU
		{9568DADD-9C81-4D1C-B3E8-DDB6990A4EC6}.Release|Any CPU.Build.0 = Release|Any CPU
		{CAD8BFF0-6F18-4F76-BDD3-39E7E527B0C9}.Debug|Any CPU.ActiveCfg = Debug|Any CPU
		{CAD8BFF0-6F18-4F76-BDD3-39E7E527B0C9}.Debug|Any CPU.Build.0 = Debug|Any CPU
		{CAD8BFF0-6F18-4F76-BDD3-39E7E527B0C9}.Release|Any CPU.ActiveCfg = Release|Any CPU
		{CAD8BFF0-6F18-4F76-BDD3-39E7E527B0C9}.Release|Any CPU.Build.0 = Release|Any CPU
		{3F8A2B1E-FBF9-4BED-B10B-8A58DC4AE159}.Debug|Any CPU.ActiveCfg = Debug|Any CPU
		{3F8A2B1E-FBF9-4BED-B10B-8A58DC4AE159}.Debug|Any CPU.Build.0 = Debug|Any CPU
		{3F8A2B1E-FBF9-4BED-B10B-8A58DC4AE159}.Release|Any CPU.ActiveCfg = Release|Any CPU
		{3F8A2B1E-FBF9-4BED-B10B-8A58DC4AE159}.Release|Any CPU.Build.0 = Release|Any CPU
		{14193808-6C0F-4F83-B0B8-27FB33082ADC}.Debug|Any CPU.ActiveCfg = Debug|Any CPU
		{14193808-6C0F-4F83-B0B8-27FB33082ADC}.Debug|Any CPU.Build.0 = Debug|Any CPU
		{14193808-6C0F-4F83-B0B8-27FB33082ADC}.Release|Any CPU.ActiveCfg = Release|Any CPU
		{14193808-6C0F-4F83-B0B8-27FB33082ADC}.Release|Any CPU.Build.0 = Release|Any CPU
		{DE580196-F7F2-4B64-A2D0-5E095466C5D6}.Debug|Any CPU.ActiveCfg = Debug|Any CPU
		{DE580196-F7F2-4B64-A2D0-5E095466C5D6}.Debug|Any CPU.Build.0 = Debug|Any CPU
		{DE580196-F7F2-4B64-A2D0-5E095466C5D6}.Release|Any CPU.ActiveCfg = Release|Any CPU
		{DE580196-F7F2-4B64-A2D0-5E095466C5D6}.Release|Any CPU.Build.0 = Release|Any CPU
		{003B4A66-EA0C-4D7C-9B7E-4E488BD85617}.Debug|Any CPU.ActiveCfg = Debug|Any CPU
		{003B4A66-EA0C-4D7C-9B7E-4E488BD85617}.Debug|Any CPU.Build.0 = Debug|Any CPU
		{003B4A66-EA0C-4D7C-9B7E-4E488BD85617}.Release|Any CPU.ActiveCfg = Release|Any CPU
		{003B4A66-EA0C-4D7C-9B7E-4E488BD85617}.Release|Any CPU.Build.0 = Release|Any CPU
		{541CBABB-18CA-4B1D-9CAB-0673F7F22915}.Debug|Any CPU.ActiveCfg = Debug|Any CPU
		{541CBABB-18CA-4B1D-9CAB-0673F7F22915}.Debug|Any CPU.Build.0 = Debug|Any CPU
		{541CBABB-18CA-4B1D-9CAB-0673F7F22915}.Release|Any CPU.ActiveCfg = Release|Any CPU
		{541CBABB-18CA-4B1D-9CAB-0673F7F22915}.Release|Any CPU.Build.0 = Release|Any CPU
		{06AD0CB9-9C5E-4012-A4A1-FD2B6A3744A7}.Debug|Any CPU.ActiveCfg = Debug|Any CPU
		{06AD0CB9-9C5E-4012-A4A1-FD2B6A3744A7}.Debug|Any CPU.Build.0 = Debug|Any CPU
		{06AD0CB9-9C5E-4012-A4A1-FD2B6A3744A7}.Release|Any CPU.ActiveCfg = Release|Any CPU
		{06AD0CB9-9C5E-4012-A4A1-FD2B6A3744A7}.Release|Any CPU.Build.0 = Release|Any CPU
		{35C62B1E-E3AD-4898-9831-A95382503595}.Debug|Any CPU.ActiveCfg = Debug|Any CPU
		{35C62B1E-E3AD-4898-9831-A95382503595}.Debug|Any CPU.Build.0 = Debug|Any CPU
		{35C62B1E-E3AD-4898-9831-A95382503595}.Release|Any CPU.ActiveCfg = Release|Any CPU
		{35C62B1E-E3AD-4898-9831-A95382503595}.Release|Any CPU.Build.0 = Release|Any CPU
		{9DAA50A2-DFF8-4145-8833-78A28881B7A6}.Debug|Any CPU.ActiveCfg = Debug|Any CPU
		{9DAA50A2-DFF8-4145-8833-78A28881B7A6}.Debug|Any CPU.Build.0 = Debug|Any CPU
		{9DAA50A2-DFF8-4145-8833-78A28881B7A6}.Release|Any CPU.ActiveCfg = Release|Any CPU
		{9DAA50A2-DFF8-4145-8833-78A28881B7A6}.Release|Any CPU.Build.0 = Release|Any CPU
		{0949E860-0F3A-4AA4-BC7D-3BC379536189}.Debug|Any CPU.ActiveCfg = Debug|Any CPU
		{0949E860-0F3A-4AA4-BC7D-3BC379536189}.Debug|Any CPU.Build.0 = Debug|Any CPU
		{0949E860-0F3A-4AA4-BC7D-3BC379536189}.Release|Any CPU.ActiveCfg = Release|Any CPU
		{0949E860-0F3A-4AA4-BC7D-3BC379536189}.Release|Any CPU.Build.0 = Release|Any CPU
		{00006FFF-6ADE-4B1E-A10B-B7FDEBFE40A8}.Debug|Any CPU.ActiveCfg = Debug|Any CPU
		{00006FFF-6ADE-4B1E-A10B-B7FDEBFE40A8}.Debug|Any CPU.Build.0 = Debug|Any CPU
		{00006FFF-6ADE-4B1E-A10B-B7FDEBFE40A8}.Release|Any CPU.ActiveCfg = Release|Any CPU
		{00006FFF-6ADE-4B1E-A10B-B7FDEBFE40A8}.Release|Any CPU.Build.0 = Release|Any CPU
		{FF339A4C-E417-4C26-9722-A9DC65FB50C2}.Debug|Any CPU.ActiveCfg = Debug|Any CPU
		{FF339A4C-E417-4C26-9722-A9DC65FB50C2}.Debug|Any CPU.Build.0 = Debug|Any CPU
		{FF339A4C-E417-4C26-9722-A9DC65FB50C2}.Release|Any CPU.ActiveCfg = Release|Any CPU
		{FF339A4C-E417-4C26-9722-A9DC65FB50C2}.Release|Any CPU.Build.0 = Release|Any CPU
		{C1C94CC3-C15A-498F-954B-95E342BB25ED}.Debug|Any CPU.ActiveCfg = Debug|Any CPU
		{C1C94CC3-C15A-498F-954B-95E342BB25ED}.Debug|Any CPU.Build.0 = Debug|Any CPU
		{C1C94CC3-C15A-498F-954B-95E342BB25ED}.Release|Any CPU.ActiveCfg = Release|Any CPU
		{C1C94CC3-C15A-498F-954B-95E342BB25ED}.Release|Any CPU.Build.0 = Release|Any CPU
		{B507A7C7-1476-4B2A-85A2-6EDF16FF54C9}.Debug|Any CPU.ActiveCfg = Debug|Any CPU
		{B507A7C7-1476-4B2A-85A2-6EDF16FF54C9}.Debug|Any CPU.Build.0 = Debug|Any CPU
		{B507A7C7-1476-4B2A-85A2-6EDF16FF54C9}.Release|Any CPU.ActiveCfg = Release|Any CPU
		{B507A7C7-1476-4B2A-85A2-6EDF16FF54C9}.Release|Any CPU.Build.0 = Release|Any CPU
		{24DFDF79-B3F1-4ED1-B658-7D676B8CE0B4}.Debug|Any CPU.ActiveCfg = Debug|Any CPU
		{24DFDF79-B3F1-4ED1-B658-7D676B8CE0B4}.Debug|Any CPU.Build.0 = Debug|Any CPU
		{24DFDF79-B3F1-4ED1-B658-7D676B8CE0B4}.Release|Any CPU.ActiveCfg = Release|Any CPU
		{24DFDF79-B3F1-4ED1-B658-7D676B8CE0B4}.Release|Any CPU.Build.0 = Release|Any CPU
		{CA80DCC5-D18B-487D-A20C-BF2FABB8430B}.Debug|Any CPU.ActiveCfg = Debug|Any CPU
		{CA80DCC5-D18B-487D-A20C-BF2FABB8430B}.Debug|Any CPU.Build.0 = Debug|Any CPU
		{CA80DCC5-D18B-487D-A20C-BF2FABB8430B}.Release|Any CPU.ActiveCfg = Release|Any CPU
		{CA80DCC5-D18B-487D-A20C-BF2FABB8430B}.Release|Any CPU.Build.0 = Release|Any CPU
		{A35648B5-84D4-4E52-85A7-F3DD4909882E}.Debug|Any CPU.ActiveCfg = Debug|Any CPU
		{A35648B5-84D4-4E52-85A7-F3DD4909882E}.Debug|Any CPU.Build.0 = Debug|Any CPU
		{A35648B5-84D4-4E52-85A7-F3DD4909882E}.Release|Any CPU.ActiveCfg = Release|Any CPU
		{A35648B5-84D4-4E52-85A7-F3DD4909882E}.Release|Any CPU.Build.0 = Release|Any CPU
		{AB4B18D2-F621-4ACD-A89F-09B4100B3ED0}.Debug|Any CPU.ActiveCfg = Debug|Any CPU
		{AB4B18D2-F621-4ACD-A89F-09B4100B3ED0}.Debug|Any CPU.Build.0 = Debug|Any CPU
		{AB4B18D2-F621-4ACD-A89F-09B4100B3ED0}.Release|Any CPU.ActiveCfg = Release|Any CPU
		{AB4B18D2-F621-4ACD-A89F-09B4100B3ED0}.Release|Any CPU.Build.0 = Release|Any CPU
		{E84B276B-E36B-42CF-8E46-3268A9175DF4}.Debug|Any CPU.ActiveCfg = Debug|Any CPU
		{E84B276B-E36B-42CF-8E46-3268A9175DF4}.Debug|Any CPU.Build.0 = Debug|Any CPU
		{E84B276B-E36B-42CF-8E46-3268A9175DF4}.Release|Any CPU.ActiveCfg = Release|Any CPU
		{E84B276B-E36B-42CF-8E46-3268A9175DF4}.Release|Any CPU.Build.0 = Release|Any CPU
		{4F5F4748-3047-4B51-B361-DCD3D94314E3}.Debug|Any CPU.ActiveCfg = Debug|Any CPU
		{4F5F4748-3047-4B51-B361-DCD3D94314E3}.Debug|Any CPU.Build.0 = Debug|Any CPU
		{4F5F4748-3047-4B51-B361-DCD3D94314E3}.Release|Any CPU.ActiveCfg = Release|Any CPU
		{4F5F4748-3047-4B51-B361-DCD3D94314E3}.Release|Any CPU.Build.0 = Release|Any CPU
		{CB26DA83-92B1-4B83-AE47-6BCAAE558FAF}.Debug|Any CPU.ActiveCfg = Debug|Any CPU
		{CB26DA83-92B1-4B83-AE47-6BCAAE558FAF}.Debug|Any CPU.Build.0 = Debug|Any CPU
		{CB26DA83-92B1-4B83-AE47-6BCAAE558FAF}.Release|Any CPU.ActiveCfg = Release|Any CPU
		{CB26DA83-92B1-4B83-AE47-6BCAAE558FAF}.Release|Any CPU.Build.0 = Release|Any CPU
		{9E829FE1-026E-4817-935A-F8C17C8CC167}.Debug|Any CPU.ActiveCfg = Debug|Any CPU
		{9E829FE1-026E-4817-935A-F8C17C8CC167}.Debug|Any CPU.Build.0 = Debug|Any CPU
		{9E829FE1-026E-4817-935A-F8C17C8CC167}.Release|Any CPU.ActiveCfg = Release|Any CPU
		{9E829FE1-026E-4817-935A-F8C17C8CC167}.Release|Any CPU.Build.0 = Release|Any CPU
		{60DA48F9-7796-41FD-A65B-C0A28949A405}.Debug|Any CPU.ActiveCfg = Debug|Any CPU
		{60DA48F9-7796-41FD-A65B-C0A28949A405}.Debug|Any CPU.Build.0 = Debug|Any CPU
		{60DA48F9-7796-41FD-A65B-C0A28949A405}.Release|Any CPU.ActiveCfg = Release|Any CPU
		{60DA48F9-7796-41FD-A65B-C0A28949A405}.Release|Any CPU.Build.0 = Release|Any CPU
		{87564F52-A6B7-4F4A-B6A9-2A59B2D54F33}.Debug|Any CPU.ActiveCfg = Debug|Any CPU
		{87564F52-A6B7-4F4A-B6A9-2A59B2D54F33}.Debug|Any CPU.Build.0 = Debug|Any CPU
		{87564F52-A6B7-4F4A-B6A9-2A59B2D54F33}.Release|Any CPU.ActiveCfg = Release|Any CPU
		{87564F52-A6B7-4F4A-B6A9-2A59B2D54F33}.Release|Any CPU.Build.0 = Release|Any CPU
		{0F4B407B-68AA-4D1B-84D5-E80CAB53435C}.Debug|Any CPU.ActiveCfg = Debug|Any CPU
		{0F4B407B-68AA-4D1B-84D5-E80CAB53435C}.Debug|Any CPU.Build.0 = Debug|Any CPU
		{0F4B407B-68AA-4D1B-84D5-E80CAB53435C}.Release|Any CPU.ActiveCfg = Release|Any CPU
		{0F4B407B-68AA-4D1B-84D5-E80CAB53435C}.Release|Any CPU.Build.0 = Release|Any CPU
		{ACB90628-F242-4365-A1D8-08C287634629}.Debug|Any CPU.ActiveCfg = Debug|Any CPU
		{ACB90628-F242-4365-A1D8-08C287634629}.Debug|Any CPU.Build.0 = Debug|Any CPU
		{ACB90628-F242-4365-A1D8-08C287634629}.Release|Any CPU.ActiveCfg = Release|Any CPU
		{ACB90628-F242-4365-A1D8-08C287634629}.Release|Any CPU.Build.0 = Release|Any CPU
		{F94F7B75-7537-4D21-AF0A-434CE33F70C8}.Debug|Any CPU.ActiveCfg = Debug|Any CPU
		{F94F7B75-7537-4D21-AF0A-434CE33F70C8}.Debug|Any CPU.Build.0 = Debug|Any CPU
		{F94F7B75-7537-4D21-AF0A-434CE33F70C8}.Release|Any CPU.ActiveCfg = Release|Any CPU
		{F94F7B75-7537-4D21-AF0A-434CE33F70C8}.Release|Any CPU.Build.0 = Release|Any CPU
		{33E4C658-F911-482F-BA5E-39A344719292}.Debug|Any CPU.ActiveCfg = Debug|Any CPU
		{33E4C658-F911-482F-BA5E-39A344719292}.Debug|Any CPU.Build.0 = Debug|Any CPU
		{33E4C658-F911-482F-BA5E-39A344719292}.Release|Any CPU.ActiveCfg = Release|Any CPU
		{33E4C658-F911-482F-BA5E-39A344719292}.Release|Any CPU.Build.0 = Release|Any CPU
		{CBCA0B1F-4298-4DDF-A282-6F81DF09B406}.Debug|Any CPU.ActiveCfg = Debug|Any CPU
		{CBCA0B1F-4298-4DDF-A282-6F81DF09B406}.Debug|Any CPU.Build.0 = Debug|Any CPU
		{CBCA0B1F-4298-4DDF-A282-6F81DF09B406}.Release|Any CPU.ActiveCfg = Release|Any CPU
		{CBCA0B1F-4298-4DDF-A282-6F81DF09B406}.Release|Any CPU.Build.0 = Release|Any CPU
		{987E8B34-DB2A-4D86-853A-8FCDD0A86168}.Debug|Any CPU.ActiveCfg = Debug|Any CPU
		{987E8B34-DB2A-4D86-853A-8FCDD0A86168}.Debug|Any CPU.Build.0 = Debug|Any CPU
		{987E8B34-DB2A-4D86-853A-8FCDD0A86168}.Release|Any CPU.ActiveCfg = Release|Any CPU
		{987E8B34-DB2A-4D86-853A-8FCDD0A86168}.Release|Any CPU.Build.0 = Release|Any CPU
		{ECE97DA2-0FD2-4119-A353-AAE6E11168D3}.Debug|Any CPU.ActiveCfg = Debug|Any CPU
		{ECE97DA2-0FD2-4119-A353-AAE6E11168D3}.Debug|Any CPU.Build.0 = Debug|Any CPU
		{ECE97DA2-0FD2-4119-A353-AAE6E11168D3}.Release|Any CPU.ActiveCfg = Release|Any CPU
		{ECE97DA2-0FD2-4119-A353-AAE6E11168D3}.Release|Any CPU.Build.0 = Release|Any CPU
		{4B6596E9-6107-4568-B7F3-77BF57078400}.Debug|Any CPU.ActiveCfg = Debug|Any CPU
		{4B6596E9-6107-4568-B7F3-77BF57078400}.Debug|Any CPU.Build.0 = Debug|Any CPU
		{4B6596E9-6107-4568-B7F3-77BF57078400}.Release|Any CPU.ActiveCfg = Release|Any CPU
		{4B6596E9-6107-4568-B7F3-77BF57078400}.Release|Any CPU.Build.0 = Release|Any CPU
		{3E67E104-5B1F-4AB6-BD62-972B7FD07145}.Debug|Any CPU.ActiveCfg = Debug|Any CPU
		{3E67E104-5B1F-4AB6-BD62-972B7FD07145}.Debug|Any CPU.Build.0 = Debug|Any CPU
		{3E67E104-5B1F-4AB6-BD62-972B7FD07145}.Release|Any CPU.ActiveCfg = Release|Any CPU
		{3E67E104-5B1F-4AB6-BD62-972B7FD07145}.Release|Any CPU.Build.0 = Release|Any CPU
		{B72A9C4C-968B-401B-BF1C-D701A3906BA6}.Debug|Any CPU.ActiveCfg = Debug|Any CPU
		{B72A9C4C-968B-401B-BF1C-D701A3906BA6}.Debug|Any CPU.Build.0 = Debug|Any CPU
		{B72A9C4C-968B-401B-BF1C-D701A3906BA6}.Release|Any CPU.ActiveCfg = Release|Any CPU
		{B72A9C4C-968B-401B-BF1C-D701A3906BA6}.Release|Any CPU.Build.0 = Release|Any CPU
		{A30912B5-FCFB-4BAE-8B52-C811902EBE03}.Debug|Any CPU.ActiveCfg = Debug|Any CPU
		{A30912B5-FCFB-4BAE-8B52-C811902EBE03}.Debug|Any CPU.Build.0 = Debug|Any CPU
		{A30912B5-FCFB-4BAE-8B52-C811902EBE03}.Release|Any CPU.ActiveCfg = Release|Any CPU
		{A30912B5-FCFB-4BAE-8B52-C811902EBE03}.Release|Any CPU.Build.0 = Release|Any CPU
		{154E18CD-92BB-4BCB-A356-C2727CEBE636}.Debug|Any CPU.ActiveCfg = Debug|Any CPU
		{154E18CD-92BB-4BCB-A356-C2727CEBE636}.Debug|Any CPU.Build.0 = Debug|Any CPU
		{154E18CD-92BB-4BCB-A356-C2727CEBE636}.Release|Any CPU.ActiveCfg = Release|Any CPU
		{154E18CD-92BB-4BCB-A356-C2727CEBE636}.Release|Any CPU.Build.0 = Release|Any CPU
		{23DCB636-23AB-48A3-A952-C1706DFA8B19}.Debug|Any CPU.ActiveCfg = Debug|Any CPU
		{23DCB636-23AB-48A3-A952-C1706DFA8B19}.Debug|Any CPU.Build.0 = Debug|Any CPU
		{23DCB636-23AB-48A3-A952-C1706DFA8B19}.Release|Any CPU.ActiveCfg = Release|Any CPU
		{23DCB636-23AB-48A3-A952-C1706DFA8B19}.Release|Any CPU.Build.0 = Release|Any CPU
		{BFC9C38A-F2F2-4850-A717-B21291768EE3}.Debug|Any CPU.ActiveCfg = Debug|Any CPU
		{BFC9C38A-F2F2-4850-A717-B21291768EE3}.Debug|Any CPU.Build.0 = Debug|Any CPU
		{BFC9C38A-F2F2-4850-A717-B21291768EE3}.Release|Any CPU.ActiveCfg = Release|Any CPU
		{BFC9C38A-F2F2-4850-A717-B21291768EE3}.Release|Any CPU.Build.0 = Release|Any CPU
		{6DDD0713-B312-455A-A0F0-F6747816F9D2}.Debug|Any CPU.ActiveCfg = Debug|Any CPU
		{6DDD0713-B312-455A-A0F0-F6747816F9D2}.Debug|Any CPU.Build.0 = Debug|Any CPU
		{6DDD0713-B312-455A-A0F0-F6747816F9D2}.Release|Any CPU.ActiveCfg = Release|Any CPU
		{6DDD0713-B312-455A-A0F0-F6747816F9D2}.Release|Any CPU.Build.0 = Release|Any CPU
		{D07278B3-008C-4B99-80DE-BE5D9C092B50}.Debug|Any CPU.ActiveCfg = Debug|Any CPU
		{D07278B3-008C-4B99-80DE-BE5D9C092B50}.Debug|Any CPU.Build.0 = Debug|Any CPU
		{D07278B3-008C-4B99-80DE-BE5D9C092B50}.Release|Any CPU.ActiveCfg = Release|Any CPU
		{D07278B3-008C-4B99-80DE-BE5D9C092B50}.Release|Any CPU.Build.0 = Release|Any CPU
		{DDBC7A36-B6DE-4799-965C-70282C8C101E}.Debug|Any CPU.ActiveCfg = Debug|Any CPU
		{DDBC7A36-B6DE-4799-965C-70282C8C101E}.Debug|Any CPU.Build.0 = Debug|Any CPU
		{DDBC7A36-B6DE-4799-965C-70282C8C101E}.Release|Any CPU.ActiveCfg = Release|Any CPU
		{DDBC7A36-B6DE-4799-965C-70282C8C101E}.Release|Any CPU.Build.0 = Release|Any CPU
		{5BDA5630-EF05-4830-81BC-B987ECA3576C}.Debug|Any CPU.ActiveCfg = Debug|Any CPU
		{5BDA5630-EF05-4830-81BC-B987ECA3576C}.Debug|Any CPU.Build.0 = Debug|Any CPU
		{5BDA5630-EF05-4830-81BC-B987ECA3576C}.Release|Any CPU.ActiveCfg = Release|Any CPU
		{5BDA5630-EF05-4830-81BC-B987ECA3576C}.Release|Any CPU.Build.0 = Release|Any CPU
		{16945118-89C8-4E59-A52C-CA2093221AC8}.Debug|Any CPU.ActiveCfg = Debug|Any CPU
		{16945118-89C8-4E59-A52C-CA2093221AC8}.Debug|Any CPU.Build.0 = Debug|Any CPU
		{16945118-89C8-4E59-A52C-CA2093221AC8}.Release|Any CPU.ActiveCfg = Release|Any CPU
		{16945118-89C8-4E59-A52C-CA2093221AC8}.Release|Any CPU.Build.0 = Release|Any CPU
		{C20AC89C-D11A-493A-BB02-C22810DA1338}.Debug|Any CPU.ActiveCfg = Debug|Any CPU
		{C20AC89C-D11A-493A-BB02-C22810DA1338}.Debug|Any CPU.Build.0 = Debug|Any CPU
		{C20AC89C-D11A-493A-BB02-C22810DA1338}.Release|Any CPU.ActiveCfg = Release|Any CPU
		{C20AC89C-D11A-493A-BB02-C22810DA1338}.Release|Any CPU.Build.0 = Release|Any CPU
		{EB0DF61B-A5D9-4105-B797-2F903B0C1881}.Debug|Any CPU.ActiveCfg = Debug|Any CPU
		{EB0DF61B-A5D9-4105-B797-2F903B0C1881}.Debug|Any CPU.Build.0 = Debug|Any CPU
		{EB0DF61B-A5D9-4105-B797-2F903B0C1881}.Release|Any CPU.ActiveCfg = Release|Any CPU
		{EB0DF61B-A5D9-4105-B797-2F903B0C1881}.Release|Any CPU.Build.0 = Release|Any CPU
		{195116A8-B3B9-41C3-889E-6330B273A9CD}.Debug|Any CPU.ActiveCfg = Debug|Any CPU
		{195116A8-B3B9-41C3-889E-6330B273A9CD}.Debug|Any CPU.Build.0 = Debug|Any CPU
		{195116A8-B3B9-41C3-889E-6330B273A9CD}.Release|Any CPU.ActiveCfg = Release|Any CPU
		{195116A8-B3B9-41C3-889E-6330B273A9CD}.Release|Any CPU.Build.0 = Release|Any CPU
	EndGlobalSection
	GlobalSection(SolutionProperties) = preSolution
		HideSolutionNode = FALSE
	EndGlobalSection
	GlobalSection(NestedProjects) = preSolution
		{8FDDCBEB-13D5-43C8-A02C-DBA1C4852E68} = {3156E808-21B8-4E52-AAE4-398105BA5FE9}
		{4401A62F-67EE-4366-902B-F143E1DF3E96} = {3156E808-21B8-4E52-AAE4-398105BA5FE9}
		{9568DADD-9C81-4D1C-B3E8-DDB6990A4EC6} = {3156E808-21B8-4E52-AAE4-398105BA5FE9}
		{CAD8BFF0-6F18-4F76-BDD3-39E7E527B0C9} = {3156E808-21B8-4E52-AAE4-398105BA5FE9}
		{3F8A2B1E-FBF9-4BED-B10B-8A58DC4AE159} = {3156E808-21B8-4E52-AAE4-398105BA5FE9}
		{14193808-6C0F-4F83-B0B8-27FB33082ADC} = {3156E808-21B8-4E52-AAE4-398105BA5FE9}
		{DE580196-F7F2-4B64-A2D0-5E095466C5D6} = {3156E808-21B8-4E52-AAE4-398105BA5FE9}
		{003B4A66-EA0C-4D7C-9B7E-4E488BD85617} = {3156E808-21B8-4E52-AAE4-398105BA5FE9}
		{541CBABB-18CA-4B1D-9CAB-0673F7F22915} = {3156E808-21B8-4E52-AAE4-398105BA5FE9}
		{06AD0CB9-9C5E-4012-A4A1-FD2B6A3744A7} = {3156E808-21B8-4E52-AAE4-398105BA5FE9}
		{35C62B1E-E3AD-4898-9831-A95382503595} = {3156E808-21B8-4E52-AAE4-398105BA5FE9}
		{9DAA50A2-DFF8-4145-8833-78A28881B7A6} = {3156E808-21B8-4E52-AAE4-398105BA5FE9}
		{0949E860-0F3A-4AA4-BC7D-3BC379536189} = {3156E808-21B8-4E52-AAE4-398105BA5FE9}
		{00006FFF-6ADE-4B1E-A10B-B7FDEBFE40A8} = {3156E808-21B8-4E52-AAE4-398105BA5FE9}
		{FF339A4C-E417-4C26-9722-A9DC65FB50C2} = {3156E808-21B8-4E52-AAE4-398105BA5FE9}
		{C1C94CC3-C15A-498F-954B-95E342BB25ED} = {3156E808-21B8-4E52-AAE4-398105BA5FE9}
		{B507A7C7-1476-4B2A-85A2-6EDF16FF54C9} = {3156E808-21B8-4E52-AAE4-398105BA5FE9}
		{24DFDF79-B3F1-4ED1-B658-7D676B8CE0B4} = {3156E808-21B8-4E52-AAE4-398105BA5FE9}
		{CA80DCC5-D18B-487D-A20C-BF2FABB8430B} = {3156E808-21B8-4E52-AAE4-398105BA5FE9}
		{A35648B5-84D4-4E52-85A7-F3DD4909882E} = {3156E808-21B8-4E52-AAE4-398105BA5FE9}
		{AB4B18D2-F621-4ACD-A89F-09B4100B3ED0} = {3156E808-21B8-4E52-AAE4-398105BA5FE9}
		{E84B276B-E36B-42CF-8E46-3268A9175DF4} = {3156E808-21B8-4E52-AAE4-398105BA5FE9}
		{4F5F4748-3047-4B51-B361-DCD3D94314E3} = {3156E808-21B8-4E52-AAE4-398105BA5FE9}
		{CB26DA83-92B1-4B83-AE47-6BCAAE558FAF} = {3156E808-21B8-4E52-AAE4-398105BA5FE9}
		{9E829FE1-026E-4817-935A-F8C17C8CC167} = {3156E808-21B8-4E52-AAE4-398105BA5FE9}
		{60DA48F9-7796-41FD-A65B-C0A28949A405} = {3156E808-21B8-4E52-AAE4-398105BA5FE9}
		{87564F52-A6B7-4F4A-B6A9-2A59B2D54F33} = {3156E808-21B8-4E52-AAE4-398105BA5FE9}
		{0F4B407B-68AA-4D1B-84D5-E80CAB53435C} = {3156E808-21B8-4E52-AAE4-398105BA5FE9}
		{ACB90628-F242-4365-A1D8-08C287634629} = {3156E808-21B8-4E52-AAE4-398105BA5FE9}
		{F94F7B75-7537-4D21-AF0A-434CE33F70C8} = {3156E808-21B8-4E52-AAE4-398105BA5FE9}
		{33E4C658-F911-482F-BA5E-39A344719292} = {3156E808-21B8-4E52-AAE4-398105BA5FE9}
		{CBCA0B1F-4298-4DDF-A282-6F81DF09B406} = {3156E808-21B8-4E52-AAE4-398105BA5FE9}
		{987E8B34-DB2A-4D86-853A-8FCDD0A86168} = {3156E808-21B8-4E52-AAE4-398105BA5FE9}
		{ECE97DA2-0FD2-4119-A353-AAE6E11168D3} = {3156E808-21B8-4E52-AAE4-398105BA5FE9}
		{4B6596E9-6107-4568-B7F3-77BF57078400} = {3156E808-21B8-4E52-AAE4-398105BA5FE9}
		{3E67E104-5B1F-4AB6-BD62-972B7FD07145} = {3156E808-21B8-4E52-AAE4-398105BA5FE9}
		{B72A9C4C-968B-401B-BF1C-D701A3906BA6} = {3156E808-21B8-4E52-AAE4-398105BA5FE9}
		{A30912B5-FCFB-4BAE-8B52-C811902EBE03} = {3156E808-21B8-4E52-AAE4-398105BA5FE9}
		{154E18CD-92BB-4BCB-A356-C2727CEBE636} = {3156E808-21B8-4E52-AAE4-398105BA5FE9}
		{23DCB636-23AB-48A3-A952-C1706DFA8B19} = {3156E808-21B8-4E52-AAE4-398105BA5FE9}
		{BFC9C38A-F2F2-4850-A717-B21291768EE3} = {3156E808-21B8-4E52-AAE4-398105BA5FE9}
		{6DDD0713-B312-455A-A0F0-F6747816F9D2} = {3156E808-21B8-4E52-AAE4-398105BA5FE9}
		{D07278B3-008C-4B99-80DE-BE5D9C092B50} = {3156E808-21B8-4E52-AAE4-398105BA5FE9}
		{DDBC7A36-B6DE-4799-965C-70282C8C101E} = {3156E808-21B8-4E52-AAE4-398105BA5FE9}
		{5BDA5630-EF05-4830-81BC-B987ECA3576C} = {3156E808-21B8-4E52-AAE4-398105BA5FE9}
		{16945118-89C8-4E59-A52C-CA2093221AC8} = {3156E808-21B8-4E52-AAE4-398105BA5FE9}
		{C20AC89C-D11A-493A-BB02-C22810DA1338} = {3156E808-21B8-4E52-AAE4-398105BA5FE9}
		{EB0DF61B-A5D9-4105-B797-2F903B0C1881} = {3156E808-21B8-4E52-AAE4-398105BA5FE9}
		{195116A8-B3B9-41C3-889E-6330B273A9CD} = {3156E808-21B8-4E52-AAE4-398105BA5FE9}
	EndGlobalSection
	GlobalSection(ExtensibilityGlobals) = postSolution
		SolutionGuid = {35BC265D-763C-4AE4-996D-7210D8C2D307}
	EndGlobalSection
EndGlobal
